
Microsoft Visual Studio Solution File, Format Version 12.00
# Visual Studio Version 17
VisualStudioVersion = 17.7.34024.191
MinimumVisualStudioVersion = 10.0.40219.1
Project("{FAE04EC0-301F-11D3-BF4B-00C04F79EFBC}") = "YilanOyunu", "YilanOyunu\YilanOyunu.csproj", "{DC9BD3EA-4403-4A52-86D0-9EC46619FFCB}"
EndProject
Global
	GlobalSection(SolutionConfigurationPlatforms) = preSolution
		Debug|Any CPU = Debug|Any CPU
		Release|Any CPU = Release|Any CPU
	EndGlobalSection
	GlobalSection(ProjectConfigurationPlatforms) = postSolution
		{DC9BD3EA-4403-4A52-86D0-9EC46619FFCB}.Debug|Any CPU.ActiveCfg = Debug|Any CPU
		{DC9BD3EA-4403-4A52-86D0-9EC46619FFCB}.Debug|Any CPU.Build.0 = Debug|Any CPU
		{DC9BD3EA-4403-4A52-86D0-9EC46619FFCB}.Release|Any CPU.ActiveCfg = Release|Any CPU
		{DC9BD3EA-4403-4A52-86D0-9EC46619FFCB}.Release|Any CPU.Build.0 = Release|Any CPU
	EndGlobalSection
	GlobalSection(SolutionProperties) = preSolution
		HideSolutionNode = FALSE
	EndGlobalSection
	GlobalSection(ExtensibilityGlobals) = postSolution
		SolutionGuid = {41D451F1-A214-4174-A55C-C5083301742F}
	EndGlobalSection
EndGlobal
